
Microsoft Visual Studio Solution File, Format Version 12.00
# Visual Studio Version 17
VisualStudioVersion = 17.4.33213.308
MinimumVisualStudioVersion = 10.0.40219.1
Project("{9A19103F-16F7-4668-BE54-9A1E7A4F7556}") = "TSIMPH_API", "TSIMPH_API.csproj", "{8DE3752B-FB47-4191-8727-35B2F782C1EB}"
EndProject
Global
	GlobalSection(SolutionConfigurationPlatforms) = preSolution
		Debug|Any CPU = Debug|Any CPU
		Release|Any CPU = Release|Any CPU
	EndGlobalSection
	GlobalSection(ProjectConfigurationPlatforms) = postSolution
		{8DE3752B-FB47-4191-8727-35B2F782C1EB}.Debug|Any CPU.ActiveCfg = Debug|Any CPU
		{8DE3752B-FB47-4191-8727-35B2F782C1EB}.Debug|Any CPU.Build.0 = Debug|Any CPU
		{8DE3752B-FB47-4191-8727-35B2F782C1EB}.Release|Any CPU.ActiveCfg = Release|Any CPU
		{8DE3752B-FB47-4191-8727-35B2F782C1EB}.Release|Any CPU.Build.0 = Release|Any CPU
	EndGlobalSection
	GlobalSection(SolutionProperties) = preSolution
		HideSolutionNode = FALSE
	EndGlobalSection
	GlobalSection(ExtensibilityGlobals) = postSolution
		SolutionGuid = {3EE4D6B7-2334-4EAF-AC71-DD036CF313E0}
	EndGlobalSection
EndGlobal
