
Microsoft Visual Studio Solution File, Format Version 12.00
# Visual Studio Version 17
VisualStudioVersion = 17.1.32319.34
MinimumVisualStudioVersion = 10.0.40219.1
Project("{FAE04EC0-301F-11D3-BF4B-00C04F79EFBC}") = "TSIMPH_API", "TSIMPH_API\TSIMPH_API.csproj", "{CEABF92C-E0B9-430A-B833-D534C4F603BD}"
EndProject
Global
	GlobalSection(SolutionConfigurationPlatforms) = preSolution
		Debug|Any CPU = Debug|Any CPU
		Release|Any CPU = Release|Any CPU
	EndGlobalSection
	GlobalSection(ProjectConfigurationPlatforms) = postSolution
		{CEABF92C-E0B9-430A-B833-D534C4F603BD}.Debug|Any CPU.ActiveCfg = Debug|Any CPU
		{CEABF92C-E0B9-430A-B833-D534C4F603BD}.Debug|Any CPU.Build.0 = Debug|Any CPU
		{CEABF92C-E0B9-430A-B833-D534C4F603BD}.Release|Any CPU.ActiveCfg = Release|Any CPU
		{CEABF92C-E0B9-430A-B833-D534C4F603BD}.Release|Any CPU.Build.0 = Release|Any CPU
	EndGlobalSection
	GlobalSection(SolutionProperties) = preSolution
		HideSolutionNode = FALSE
	EndGlobalSection
	GlobalSection(ExtensibilityGlobals) = postSolution
		SolutionGuid = {4F9D7FEF-477A-43E0-BB5D-0280797D6B8C}
	EndGlobalSection
EndGlobal
